
Microsoft Visual Studio Solution File, Format Version 12.00
# Visual Studio 15
VisualStudioVersion = 15.0.28307.779
MinimumVisualStudioVersion = 10.0.40219.1
Project("{FAE04EC0-301F-11D3-BF4B-00C04F79EFBC}") = "CRMChatBot", "CRMChatBot\CRMChatBot.csproj", "{62DCC2F3-7785-49DF-B1FB-E359CE100E88}"
EndProject
Global
	GlobalSection(SolutionConfigurationPlatforms) = preSolution
		Debug|Any CPU = Debug|Any CPU
		Release|Any CPU = Release|Any CPU
	EndGlobalSection
	GlobalSection(ProjectConfigurationPlatforms) = postSolution
		{62DCC2F3-7785-49DF-B1FB-E359CE100E88}.Debug|Any CPU.ActiveCfg = Debug|Any CPU
		{62DCC2F3-7785-49DF-B1FB-E359CE100E88}.Debug|Any CPU.Build.0 = Debug|Any CPU
		{62DCC2F3-7785-49DF-B1FB-E359CE100E88}.Release|Any CPU.ActiveCfg = Release|Any CPU
		{62DCC2F3-7785-49DF-B1FB-E359CE100E88}.Release|Any CPU.Build.0 = Release|Any CPU
	EndGlobalSection
	GlobalSection(SolutionProperties) = preSolution
		HideSolutionNode = FALSE
	EndGlobalSection
	GlobalSection(ExtensibilityGlobals) = postSolution
		SolutionGuid = {B0110EB2-A1FA-485C-9A6F-73888D8D017A}
	EndGlobalSection
EndGlobal
